
Microsoft Visual Studio Solution File, Format Version 12.00
# Visual Studio Version 17
VisualStudioVersion = 17.0.31903.59
MinimumVisualStudioVersion = 10.0.40219.1
Project("{2150E333-8FDC-42A3-9474-1A3956D46DE8}") = "src", "src", "{12A6AB00-1F14-4A87-96B3-0852937E9587}"
EndProject
Project("{9A19103F-16F7-4668-BE54-9A1E7A4F7556}") = "TeeMugShop.API", "src\TeeMugShop.API\TeeMugShop.API.csproj", "{F6196533-42CA-4112-AC31-F36F86B39A1B}"
EndProject
Project("{9A19103F-16F7-4668-BE54-9A1E7A4F7556}") = "TeeMugShop.Application", "src\TeeMugShop.Application\TeeMugShop.Application.csproj", "{75178424-A1F8-4B80-844E-FEFB57EF2ABE}"
EndProject
Project("{9A19103F-16F7-4668-BE54-9A1E7A4F7556}") = "TeeMugShop.Domain", "src\TeeMugShop.Domain\TeeMugShop.Domain.csproj", "{B6A01B81-8287-4AA7-9EB2-819DAA122CAC}"
EndProject
Project("{9A19103F-16F7-4668-BE54-9A1E7A4F7556}") = "TeeMugShop.Infrastructure", "src\TeeMugShop.Infrastructure\TeeMugShop.Infrastructure.csproj", "{52F6BA5D-D7C3-495C-9FF3-FA019BD2750D}"
EndProject
Global
	GlobalSection(SolutionConfigurationPlatforms) = preSolution
		Debug|Any CPU = Debug|Any CPU
		Release|Any CPU = Release|Any CPU
	EndGlobalSection
	GlobalSection(ProjectConfigurationPlatforms) = postSolution
		{F6196533-42CA-4112-AC31-F36F86B39A1B}.Debug|Any CPU.ActiveCfg = Debug|Any CPU
		{F6196533-42CA-4112-AC31-F36F86B39A1B}.Debug|Any CPU.Build.0 = Debug|Any CPU
		{F6196533-42CA-4112-AC31-F36F86B39A1B}.Release|Any CPU.ActiveCfg = Release|Any CPU
		{F6196533-42CA-4112-AC31-F36F86B39A1B}.Release|Any CPU.Build.0 = Release|Any CPU
		{75178424-A1F8-4B80-844E-FEFB57EF2ABE}.Debug|Any CPU.ActiveCfg = Debug|Any CPU
		{75178424-A1F8-4B80-844E-FEFB57EF2ABE}.Debug|Any CPU.Build.0 = Debug|Any CPU
		{75178424-A1F8-4B80-844E-FEFB57EF2ABE}.Release|Any CPU.ActiveCfg = Release|Any CPU
		{75178424-A1F8-4B80-844E-FEFB57EF2ABE}.Release|Any CPU.Build.0 = Release|Any CPU
		{B6A01B81-8287-4AA7-9EB2-819DAA122CAC}.Debug|Any CPU.ActiveCfg = Debug|Any CPU
		{B6A01B81-8287-4AA7-9EB2-819DAA122CAC}.Debug|Any CPU.Build.0 = Debug|Any CPU
		{B6A01B81-8287-4AA7-9EB2-819DAA122CAC}.Release|Any CPU.ActiveCfg = Release|Any CPU
		{B6A01B81-8287-4AA7-9EB2-819DAA122CAC}.Release|Any CPU.Build.0 = Release|Any CPU
		{52F6BA5D-D7C3-495C-9FF3-FA019BD2750D}.Debug|Any CPU.ActiveCfg = Debug|Any CPU
		{52F6BA5D-D7C3-495C-9FF3-FA019BD2750D}.Debug|Any CPU.Build.0 = Debug|Any CPU
		{52F6BA5D-D7C3-495C-9FF3-FA019BD2750D}.Release|Any CPU.ActiveCfg = Release|Any CPU
		{52F6BA5D-D7C3-495C-9FF3-FA019BD2750D}.Release|Any CPU.Build.0 = Release|Any CPU
	EndGlobalSection
	GlobalSection(SolutionProperties) = preSolution
		HideSolutionNode = FALSE
	EndGlobalSection
	GlobalSection(NestedProjects) = preSolution
		{F6196533-42CA-4112-AC31-F36F86B39A1B} = {12A6AB00-1F14-4A87-96B3-0852937E9587}
		{75178424-A1F8-4B80-844E-FEFB57EF2ABE} = {12A6AB00-1F14-4A87-96B3-0852937E9587}
		{B6A01B81-8287-4AA7-9EB2-819DAA122CAC} = {12A6AB00-1F14-4A87-96B3-0852937E9587}
		{52F6BA5D-D7C3-495C-9FF3-FA019BD2750D} = {12A6AB00-1F14-4A87-96B3-0852937E9587}
	EndGlobalSection
	GlobalSection(ExtensibilityGlobals) = postSolution
		SolutionGuid = {5D61BF04-1B66-4C57-ABE5-E3892F8F82A4}
	EndGlobalSection
EndGlobal
